
Microsoft Visual Studio Solution File, Format Version 12.00
# Visual Studio Version 17
VisualStudioVersion = 17.14.37216.2 d17.14
MinimumVisualStudioVersion = 10.0.40219.1
Project("{FAE04EC0-301F-11D3-BF4B-00C04F79EFBC}") = "ReservationApp", "ReservationApp.csproj", "{1EECB9A1-F753-42A7-892F-EA9320A3639E}"
EndProject
Global
	GlobalSection(SolutionConfigurationPlatforms) = preSolution
		Debug|Any CPU = Debug|Any CPU
		Release|Any CPU = Release|Any CPU
	EndGlobalSection
	GlobalSection(ProjectConfigurationPlatforms) = postSolution
		{1EECB9A1-F753-42A7-892F-EA9320A3639E}.Debug|Any CPU.ActiveCfg = Debug|Any CPU
		{1EECB9A1-F753-42A7-892F-EA9320A3639E}.Debug|Any CPU.Build.0 = Debug|Any CPU
		{1EECB9A1-F753-42A7-892F-EA9320A3639E}.Release|Any CPU.ActiveCfg = Release|Any CPU
		{1EECB9A1-F753-42A7-892F-EA9320A3639E}.Release|Any CPU.Build.0 = Release|Any CPU
	EndGlobalSection
	GlobalSection(SolutionProperties) = preSolution
		HideSolutionNode = FALSE
	EndGlobalSection
	GlobalSection(ExtensibilityGlobals) = postSolution
		SolutionGuid = {212D45FE-5F79-4548-B85D-5238A432547A}
	EndGlobalSection
EndGlobal
